// !$*UTF8*$!
{
	archiveVersion = 1;
	classes = {
	};
	objectVersion = 50;
	objects = {

/* Begin PBXBuildFile section */
		522FFBBA24B3C55F000FBE35 /* AppDelegate.swift in Sources */ = {isa = PBXBuildFile; fileRef = 522FFBB924B3C55F000FBE35 /* AppDelegate.swift */; };
		522FFBBC24B3C55F000FBE35 /* SceneDelegate.swift in Sources */ = {isa = PBXBuildFile; fileRef = 522FFBBB24B3C55F000FBE35 /* SceneDelegate.swift */; };
		522FFBBF24B3C55F000FBE35 /* mini_todos.xcdatamodeld in Sources */ = {isa = PBXBuildFile; fileRef = 522FFBBD24B3C55F000FBE35 /* mini_todos.xcdatamodeld */; };
		522FFBC124B3C55F000FBE35 /* ContentView.swift in Sources */ = {isa = PBXBuildFile; fileRef = 522FFBC024B3C55F000FBE35 /* ContentView.swift */; };
		522FFBC324B3C560000FBE35 /* Assets.xcassets in Resources */ = {isa = PBXBuildFile; fileRef = 522FFBC224B3C560000FBE35 /* Assets.xcassets */; };
		522FFBC624B3C560000FBE35 /* Preview Assets.xcassets in Resources */ = {isa = PBXBuildFile; fileRef = 522FFBC524B3C560000FBE35 /* Preview Assets.xcassets */; };
		522FFBC924B3C560000FBE35 /* LaunchScreen.storyboard in Resources */ = {isa = PBXBuildFile; fileRef = 522FFBC724B3C560000FBE35 /* LaunchScreen.storyboard */; };
		522FFBD224B3C656000FBE35 /* AddTodoView.swift in Sources */ = {isa = PBXBuildFile; fileRef = 522FFBD124B3C656000FBE35 /* AddTodoView.swift */; };
/* End PBXBuildFile section */

/* Begin PBXFileReference section */
		522FFBB624B3C55F000FBE35 /* mini-todos.app */ = {isa = PBXFileReference; explicitFileType = wrapper.application; includeInIndex = 0; path = "mini-todos.app"; sourceTree = BUILT_PRODUCTS_DIR; };
		522FFBB924B3C55F000FBE35 /* AppDelegate.swift */ = {isa = PBXFileReference; lastKnownFileType = sourcecode.swift; path = AppDelegate.swift; sourceTree = "<group>"; };
		522FFBBB24B3C55F000FBE35 /* SceneDelegate.swift */ = {isa = PBXFileReference; lastKnownFileType = sourcecode.swift; path = SceneDelegate.swift; sourceTree = "<group>"; };
		522FFBBE24B3C55F000FBE35 /* mini_todos.xcdatamodel */ = {isa = PBXFileReference; lastKnownFileType = wrapper.xcdatamodel; path = mini_todos.xcdatamodel; sourceTree = "<group>"; };
		522FFBC024B3C55F000FBE35 /* ContentView.swift */ = {isa = PBXFileReference; lastKnownFileType = sourcecode.swift; path = ContentView.swift; sourceTree = "<group>"; };
		522FFBC224B3C560000FBE35 /* Assets.xcassets */ = {isa = PBXFileReference; lastKnownFileType = folder.assetcatalog; path = Assets.xcassets; sourceTree = "<group>"; };
		522FFBC524B3C560000FBE35 /* Preview Assets.xcassets */ = {isa = PBXFileReference; lastKnownFileType = folder.assetcatalog; path = "Preview Assets.xcassets"; sourceTree = "<group>"; };
		522FFBC824B3C560000FBE35 /* Base */ = {isa = PBXFileReference; lastKnownFileType = file.storyboard; name = Base; path = Base.lproj/LaunchScreen.storyboard; sourceTree = "<group>"; };
		522FFBCA24B3C560000FBE35 /* Info.plist */ = {isa = PBXFileReference; lastKnownFileType = text.plist.xml; path = Info.plist; sourceTree = "<group>"; };
		522FFBD124B3C656000FBE35 /* AddTodoView.swift */ = {isa = PBXFileReference; lastKnownFileType = sourcecode.swift; path = AddTodoView.swift; sourceTree = "<group>"; };
/* End PBXFileReference section */

/* Begin PBXFrameworksBuildPhase section */
		522FFBB324B3C55F000FBE35 /* Frameworks */ = {
			isa = PBXFrameworksBuildPhase;
			buildActionMask = 2147483647;
			files = (
			);
			runOnlyForDeploymentPostprocessing = 0;
		};
/* End PBXFrameworksBuildPhase section */

/* Begin PBXGroup section */
		522FFBAD24B3C55F000FBE35 = {
			isa = PBXGroup;
			children = (
				522FFBB824B3C55F000FBE35 /* mini-todos */,
				522FFBB724B3C55F000FBE35 /* Products */,
			);
			sourceTree = "<group>";
		};
		522FFBB724B3C55F000FBE35 /* Products */ = {
			isa = PBXGroup;
			children = (
				522FFBB624B3C55F000FBE35 /* mini-todos.app */,
			);
			name = Products;
			sourceTree = "<group>";
		};
		522FFBB824B3C55F000FBE35 /* mini-todos */ = {
			isa = PBXGroup;
			children = (
				522FFBD024B3C61A000FBE35 /* View */,
				522FFBB924B3C55F000FBE35 /* AppDelegate.swift */,
				522FFBBB24B3C55F000FBE35 /* SceneDelegate.swift */,
				522FFBC224B3C560000FBE35 /* Assets.xcassets */,
				522FFBC724B3C560000FBE35 /* LaunchScreen.storyboard */,
				522FFBCA24B3C560000FBE35 /* Info.plist */,
				522FFBBD24B3C55F000FBE35 /* mini_todos.xcdatamodeld */,
				522FFBC424B3C560000FBE35 /* Preview Content */,
			);
			path = "mini-todos";
			sourceTree = "<group>";
		};
		522FFBC424B3C560000FBE35 /* Preview Content */ = {
			isa = PBXGroup;
			children = (
				522FFBC524B3C560000FBE35 /* Preview Assets.xcassets */,
			);
			path = "Preview Content";
			sourceTree = "<group>";
		};
		522FFBD024B3C61A000FBE35 /* View */ = {
			isa = PBXGroup;
			children = (
				522FFBC024B3C55F000FBE35 /* ContentView.swift */,
				522FFBD124B3C656000FBE35 /* AddTodoView.swift */,
			);
			path = View;
			sourceTree = "<group>";
		};
/* End PBXGroup section */

/* Begin PBXNativeTarget section */
		522FFBB524B3C55F000FBE35 /* mini-todos */ = {
			isa = PBXNativeTarget;
			buildConfigurationList = 522FFBCD24B3C560000FBE35 /* Build configuration list for PBXNativeTarget "mini-todos" */;
			buildPhases = (
				522FFBB224B3C55F000FBE35 /* Sources */,
				522FFBB324B3C55F000FBE35 /* Frameworks */,
				522FFBB424B3C55F000FBE35 /* Resources */,
			);
			buildRules = (
			);
			dependencies = (
			);
			name = "mini-todos";
			productName = "mini-todos";
			productReference = 522FFBB624B3C55F000FBE35 /* mini-todos.app */;
			productType = "com.apple.product-type.application";
		};
/* End PBXNativeTarget section */

/* Begin PBXProject section */
		522FFBAE24B3C55F000FBE35 /* Project object */ = {
			isa = PBXProject;
			attributes = {
				LastSwiftUpdateCheck = 1150;
				LastUpgradeCheck = 1150;
				ORGANIZATIONNAME = rust;
				TargetAttributes = {
					522FFBB524B3C55F000FBE35 = {
						CreatedOnToolsVersion = 11.5;
					};
				};
			};
			buildConfigurationList = 522FFBB124B3C55F000FBE35 /* Build configuration list for PBXProject "mini-todos" */;
			compatibilityVersion = "Xcode 9.3";
			developmentRegion = en;
			hasScannedForEncodings = 0;
			knownRegions = (
				en,
				Base,
			);
			mainGroup = 522FFBAD24B3C55F000FBE35;
			productRefGroup = 522FFBB724B3C55F000FBE35 /* Products */;
			projectDirPath = "";
			projectRoot = "";
			targets = (
				522FFBB524B3C55F000FBE35 /* mini-todos */,
			);
		};
/* End PBXProject section */

/* Begin PBXResourcesBuildPhase section */
		522FFBB424B3C55F000FBE35 /* Resources */ = {
			isa = PBXResourcesBuildPhase;
			buildActionMask = 2147483647;
			files = (
				522FFBC924B3C560000FBE35 /* LaunchScreen.storyboard in Resources */,
				522FFBC624B3C560000FBE35 /* Preview Assets.xcassets in Resources */,
				522FFBC324B3C560000FBE35 /* Assets.xcassets in Resources */,
			);
			runOnlyForDeploymentPostprocessing = 0;
		};
/* End PBXResourcesBuildPhase section */

/* Begin PBXSourcesBuildPhase section */
		522FFBB224B3C55F000FBE35 /* Sources */ = {
			isa = PBXSourcesBuildPhase;
			buildActionMask = 2147483647;
			files = (
				522FFBBA24B3C55F000FBE35 /* AppDelegate.swift in Sources */,
				522FFBBC24B3C55F000FBE35 /* SceneDelegate.swift in Sources */,
				522FFBC124B3C55F000FBE35 /* ContentView.swift in Sources */,
				522FFBBF24B3C55F000FBE35 /* mini_todos.xcdatamodeld in Sources */,
				522FFBD224B3C656000FBE35 /* AddTodoView.swift in Sources */,
			);
			runOnlyForDeploymentPostprocessing = 0;
		};
/* End PBXSourcesBuildPhase section */

/* Begin PBXVariantGroup section */
		522FFBC724B3C560000FBE35 /* LaunchScreen.storyboard */ = {
			isa = PBXVariantGroup;
			children = (
				522FFBC824B3C560000FBE35 /* Base */,
			);
			name = LaunchScreen.storyboard;
			sourceTree = "<group>";
		};
/* End PBXVariantGroup section */

/* Begin XCBuildConfiguration section */
		522FFBCB24B3C560000FBE35 /* Debug */ = {
			isa = XCBuildConfiguration;
			buildSettings = {
				ALWAYS_SEARCH_USER_PATHS = NO;
				CLANG_ANALYZER_NONNULL = YES;
				CLANG_ANALYZER_NUMBER_OBJECT_CONVERSION = YES_AGGRESSIVE;
				CLANG_CXX_LANGUAGE_STANDARD = "gnu++14";
				CLANG_CXX_LIBRARY = "libc++";
				CLANG_ENABLE_MODULES = YES;
				CLANG_ENABLE_OBJC_ARC = YES;
				CLANG_ENABLE_OBJC_WEAK = YES;
				CLANG_WARN_BLOCK_CAPTURE_AUTORELEASING = YES;
				CLANG_WARN_BOOL_CONVERSION = YES;
				CLANG_WARN_COMMA = YES;
				CLANG_WARN_CONSTANT_CONVERSION = YES;
				CLANG_WARN_DEPRECATED_OBJC_IMPLEMENTATIONS = YES;
				CLANG_WARN_DIRECT_OBJC_ISA_USAGE = YES_ERROR;
				CLANG_WARN_DOCUMENTATION_COMMENTS = YES;
				CLANG_WARN_EMPTY_BODY = YES;
				CLANG_WARN_ENUM_CONVERSION = YES;
				CLANG_WARN_INFINITE_RECURSION = YES;
				CLANG_WARN_INT_CONVERSION = YES;
				CLANG_WARN_NON_LITERAL_NULL_CONVERSION = YES;
				CLANG_WARN_OBJC_IMPLICIT_RETAIN_SELF = YES;
				CLANG_WARN_OBJC_LITERAL_CONVERSION = YES;
				CLANG_WARN_OBJC_ROOT_CLASS = YES_ERROR;
				CLANG_WARN_RANGE_LOOP_ANALYSIS = YES;
				CLANG_WARN_STRICT_PROTOTYPES = YES;
				CLANG_WARN_SUSPICIOUS_MOVE = YES;
				CLANG_WARN_UNGUARDED_AVAILABILITY = YES_AGGRESSIVE;
				CLANG_WARN_UNREACHABLE_CODE = YES;
				CLANG_WARN__DUPLICATE_METHOD_MATCH = YES;
				COPY_PHASE_STRIP = NO;
				DEBUG_INFORMATION_FORMAT = dwarf;
				ENABLE_STRICT_OBJC_MSGSEND = YES;
				ENABLE_TESTABILITY = YES;
				GCC_C_LANGUAGE_STANDARD = gnu11;
				GCC_DYNAMIC_NO_PIC = NO;
				GCC_NO_COMMON_BLOCKS = YES;
				GCC_OPTIMIZATION_LEVEL = 0;
				GCC_PREPROCESSOR_DEFINITIONS = (
					"DEBUG=1",
					"$(inherited)",
				);
				GCC_WARN_64_TO_32_BIT_CONVERSION = YES;
				GCC_WARN_ABOUT_RETURN_TYPE = YES_ERROR;
				GCC_WARN_UNDECLARED_SELECTOR = YES;
				GCC_WARN_UNINITIALIZED_AUTOS = YES_AGGRESSIVE;
				GCC_WARN_UNUSED_FUNCTION = YES;
				GCC_WARN_UNUSED_VARIABLE = YES;
				IPHONEOS_DEPLOYMENT_TARGET = 13.5;
				MTL_ENABLE_DEBUG_INFO = INCLUDE_SOURCE;
				MTL_FAST_MATH = YES;
				ONLY_ACTIVE_ARCH = YES;
				SDKROOT = iphoneos;
				SWIFT_ACTIVE_COMPILATION_CONDITIONS = DEBUG;
				SWIFT_OPTIMIZATION_LEVEL = "-Onone";
			};
			name = Debug;
		};
		522FFBCC24B3C560000FBE35 /* Release */ = {
			isa = XCBuildConfiguration;
			buildSettings = {
				ALWAYS_SEARCH_USER_PATHS = NO;
				CLANG_ANALYZER_NONNULL = YES;
				CLANG_ANALYZER_NUMBER_OBJECT_CONVERSION = YES_AGGRESSIVE;
				CLANG_CXX_LANGUAGE_STANDARD = "gnu++14";
				CLANG_CXX_LIBRARY = "libc++";
				CLANG_ENABLE_MODULES = YES;
				CLANG_ENABLE_OBJC_ARC = YES;
				CLANG_ENABLE_OBJC_WEAK = YES;
				CLANG_WARN_BLOCK_CAPTURE_AUTORELEASING = YES;
				CLANG_WARN_BOOL_CONVERSION = YES;
				CLANG_WARN_COMMA = YES;
				CLANG_WARN_CONSTANT_CONVERSION = YES;
				CLANG_WARN_DEPRECATED_OBJC_IMPLEMENTATIONS = YES;
				CLANG_WARN_DIRECT_OBJC_ISA_USAGE = YES_ERROR;
				CLANG_WARN_DOCUMENTATION_COMMENTS = YES;
				CLANG_WARN_EMPTY_BODY = YES;
				CLANG_WARN_ENUM_CONVERSION = YES;
				CLANG_WARN_INFINITE_RECURSION = YES;
				CLANG_WARN_INT_CONVERSION = YES;
				CLANG_WARN_NON_LITERAL_NULL_CONVERSION = YES;
				CLANG_WARN_OBJC_IMPLICIT_RETAIN_SELF = YES;
				CLANG_WARN_OBJC_LITERAL_CONVERSION = YES;
				CLANG_WARN_OBJC_ROOT_CLASS = YES_ERROR;
				CLANG_WARN_RANGE_LOOP_ANALYSIS = YES;
				CLANG_WARN_STRICT_PROTOTYPES = YES;
				CLANG_WARN_SUSPICIOUS_MOVE = YES;
				CLANG_WARN_UNGUARDED_AVAILABILITY = YES_AGGRESSIVE;
				CLANG_WARN_UNREACHABLE_CODE = YES;
				CLANG_WARN__DUPLICATE_METHOD_MATCH = YES;
				COPY_PHASE_STRIP = NO;
				DEBUG_INFORMATION_FORMAT = "dwarf-with-dsym";
				ENABLE_NS_ASSERTIONS = NO;
				ENABLE_STRICT_OBJC_MSGSEND = YES;
				GCC_C_LANGUAGE_STANDARD = gnu11;
				GCC_NO_COMMON_BLOCKS = YES;
				GCC_WARN_64_TO_32_BIT_CONVERSION = YES;
				GCC_WARN_ABOUT_RETURN_TYPE = YES_ERROR;
				GCC_WARN_UNDECLARED_SELECTOR = YES;
				GCC_WARN_UNINITIALIZED_AUTOS = YES_AGGRESSIVE;
				GCC_WARN_UNUSED_FUNCTION = YES;
				GCC_WARN_UNUSED_VARIABLE = YES;
				IPHONEOS_DEPLOYMENT_TARGET = 13.5;
				MTL_ENABLE_DEBUG_INFO = NO;
				MTL_FAST_MATH = YES;
				SDKROOT = iphoneos;
				SWIFT_COMPILATION_MODE = wholemodule;
				SWIFT_OPTIMIZATION_LEVEL = "-O";
				VALIDATE_PRODUCT = YES;
			};
			name = Release;
		};
		522FFBCE24B3C560000FBE35 /* Debug */ = {
			isa = XCBuildConfiguration;
			buildSettings = {
				ASSETCATALOG_COMPILER_APPICON_NAME = AppIcon;
				CODE_SIGN_STYLE = Automatic;
				DEVELOPMENT_ASSET_PATHS = "\"mini-todos/Preview Content\"";
				DEVELOPMENT_TEAM = LG47R4R8T4;
				ENABLE_PREVIEWS = YES;
				INFOPLIST_FILE = "mini-todos/Info.plist";
				LD_RUNPATH_SEARCH_PATHS = (
					"$(inherited)",
					"@executable_path/Frameworks",
				);
				PRODUCT_BUNDLE_IDENTIFIER = "co.rustx.mini-todos";
				PRODUCT_NAME = "$(TARGET_NAME)";
				SWIFT_VERSION = 5.0;
				TARGETED_DEVICE_FAMILY = "1,2";
			};
			name = Debug;
		};
		522FFBCF24B3C560000FBE35 /* Release */ = {
			isa = XCBuildConfiguration;
			buildSettings = {
				ASSETCATALOG_COMPILER_APPICON_NAME = AppIcon;
				CODE_SIGN_STYLE = Automatic;
				DEVELOPMENT_ASSET_PATHS = "\"mini-todos/Preview Content\"";
				DEVELOPMENT_TEAM = LG47R4R8T4;
				ENABLE_PREVIEWS = YES;
				INFOPLIST_FILE = "mini-todos/Info.plist";
				LD_RUNPATH_SEARCH_PATHS = (
					"$(inherited)",
					"@executable_path/Frameworks",
				);
				PRODUCT_BUNDLE_IDENTIFIER = "co.rustx.mini-todos";
				PRODUCT_NAME = "$(TARGET_NAME)";
				SWIFT_VERSION = 5.0;
				TARGETED_DEVICE_FAMILY = "1,2";
			};
			name = Release;
		};
/* End XCBuildConfiguration section */

/* Begin XCConfigurationList section */
		522FFBB124B3C55F000FBE35 /* Build configuration list for PBXProject "mini-todos" */ = {
			isa = XCConfigurationList;
			buildConfigurations = (
				522FFBCB24B3C560000FBE35 /* Debug */,
				522FFBCC24B3C560000FBE35 /* Release */,
			);
			defaultConfigurationIsVisible = 0;
			defaultConfigurationName = Release;
		};
		522FFBCD24B3C560000FBE35 /* Build configuration list for PBXNativeTarget "mini-todos" */ = {
			isa = XCConfigurationList;
			buildConfigurations = (
				522FFBCE24B3C560000FBE35 /* Debug */,
				522FFBCF24B3C560000FBE35 /* Release */,
			);
			defaultConfigurationIsVisible = 0;
			defaultConfigurationName = Release;
		};
/* End XCConfigurationList section */

/* Begin XCVersionGroup section */
		522FFBBD24B3C55F000FBE35 /* mini_todos.xcdatamodeld */ = {
			isa = XCVersionGroup;
			children = (
				522FFBBE24B3C55F000FBE35 /* mini_todos.xcdatamodel */,
			);
			currentVersion = 522FFBBE24B3C55F000FBE35 /* mini_todos.xcdatamodel */;
			path = mini_todos.xcdatamodeld;
			sourceTree = "<group>";
			versionGroupType = wrapper.xcdatamodel;
		};
/* End XCVersionGroup section */
	};
	rootObject = 522FFBAE24B3C55F000FBE35 /* Project object */;
}
